
Microsoft Visual Studio Solution File, Format Version 12.00
# Visual Studio Version 17
VisualStudioVersion = 17.12.35707.178
MinimumVisualStudioVersion = 10.0.40219.1
Project("{2150E333-8FDC-42A3-9474-1A3956D46DE8}") = "Solution Items", "Solution Items", "{B0651CAC-F7B2-4257-AD1A-7B2AA034AB41}"
	ProjectSection(SolutionItems) = preProject
		Directory.Build.props = Directory.Build.props
		Directory.Build.targets = Directory.Build.targets
		Directory.Packages.props = Directory.Packages.props
		..\.github\workflows\dotnet.yml = ..\.github\workflows\dotnet.yml
		nuget.config = nuget.config
	EndProjectSection
EndProject
Project("{FAE04EC0-301F-11D3-BF4B-00C04F79EFBC}") = "BankingService", "BankingService\BankingService.csproj", "{9998C5A3-8C48-4DB3-AED3-1EFAFAE68DF1}"
EndProject
Project("{FAE04EC0-301F-11D3-BF4B-00C04F79EFBC}") = "ApiGateway", "ApiGateway\ApiGateway.csproj", "{ABE66B30-BD47-A7B2-B17B-5BA67959B026}"
EndProject
Project("{FAE04EC0-301F-11D3-BF4B-00C04F79EFBC}") = "UserService", "UserService\UserService.csproj", "{F8832160-6E8A-C1E0-17C8-08A5783EBD52}"
EndProject
Project("{FAE04EC0-301F-11D3-BF4B-00C04F79EFBC}") = "ManualTransactionService", "ManualTransactionService\ManualTransactionService.csproj", "{52BC5BA9-4EEB-B183-D130-2EF3ACCEA8D4}"
EndProject
Global
	GlobalSection(SolutionConfigurationPlatforms) = preSolution
		Debug|Any CPU = Debug|Any CPU
		Release|Any CPU = Release|Any CPU
	EndGlobalSection
	GlobalSection(ProjectConfigurationPlatforms) = postSolution
		{9998C5A3-8C48-4DB3-AED3-1EFAFAE68DF1}.Debug|Any CPU.ActiveCfg = Debug|Any CPU
		{9998C5A3-8C48-4DB3-AED3-1EFAFAE68DF1}.Debug|Any CPU.Build.0 = Debug|Any CPU
		{9998C5A3-8C48-4DB3-AED3-1EFAFAE68DF1}.Release|Any CPU.ActiveCfg = Release|Any CPU
		{9998C5A3-8C48-4DB3-AED3-1EFAFAE68DF1}.Release|Any CPU.Build.0 = Release|Any CPU
		{ABE66B30-BD47-A7B2-B17B-5BA67959B026}.Debug|Any CPU.ActiveCfg = Debug|Any CPU
		{ABE66B30-BD47-A7B2-B17B-5BA67959B026}.Debug|Any CPU.Build.0 = Debug|Any CPU
		{ABE66B30-BD47-A7B2-B17B-5BA67959B026}.Release|Any CPU.ActiveCfg = Release|Any CPU
		{ABE66B30-BD47-A7B2-B17B-5BA67959B026}.Release|Any CPU.Build.0 = Release|Any CPU
		{F8832160-6E8A-C1E0-17C8-08A5783EBD52}.Debug|Any CPU.ActiveCfg = Debug|Any CPU
		{F8832160-6E8A-C1E0-17C8-08A5783EBD52}.Debug|Any CPU.Build.0 = Debug|Any CPU
		{F8832160-6E8A-C1E0-17C8-08A5783EBD52}.Release|Any CPU.ActiveCfg = Release|Any CPU
		{F8832160-6E8A-C1E0-17C8-08A5783EBD52}.Release|Any CPU.Build.0 = Release|Any CPU
		{52BC5BA9-4EEB-B183-D130-2EF3ACCEA8D4}.Debug|Any CPU.ActiveCfg = Debug|Any CPU
		{52BC5BA9-4EEB-B183-D130-2EF3ACCEA8D4}.Debug|Any CPU.Build.0 = Debug|Any CPU
		{52BC5BA9-4EEB-B183-D130-2EF3ACCEA8D4}.Release|Any CPU.ActiveCfg = Release|Any CPU
		{52BC5BA9-4EEB-B183-D130-2EF3ACCEA8D4}.Release|Any CPU.Build.0 = Release|Any CPU
	EndGlobalSection
	GlobalSection(SolutionProperties) = preSolution
		HideSolutionNode = FALSE
	EndGlobalSection
	GlobalSection(ExtensibilityGlobals) = postSolution
		SolutionGuid = {D39C9B7D-A844-4E99-AC99-4529137E18D0}
	EndGlobalSection
EndGlobal
